{
  "name": "backend",
  "lockfileVersion": 3,
  "requires": true,
  "packages": {
    "": {
      "dependencies": {
        "ratan-agri-tech-payment-backend": "file:.."
      }
    },
    "..": {
      "name": "ratan-agri-tech-payment-system",
      "version": "2.0.0",
      "license": "MIT",
      "dependencies": {
        "cloudinary": "^2.5.1",
        "cors": "^2.8.5",
        "express": "^4.18.2",
        "multer": "^2.0.2",
        "pg": "^8.11.5",
        "qrcode": "^1.5.3",
        "sqlite3": "^5.1.6"
      }
    },
    "node_modules/ratan-agri-tech-payment-backend": {
      "resolved": "..",
      "link": true
    }
  }
}
